{
  "name": "webmusic",
  "lockfileVersion": 3,
  "requires": true,
  "packages": {
    "": {},
    "node_modules/@alloc/quick-lru": {},
    "node_modules/@ampproject/remapping": {},
    "node_modules/@esbuild/aix-ppc64": {},
    "node_modules/@esbuild/android-arm": {},
    "node_modules/@esbuild/android-arm64": {},
    "node_modules/@esbuild/android-x64": {},
    "node_modules/@esbuild/darwin-arm64": {},
    "node_modules/@esbuild/darwin-x64": {},
    "node_modules/@esbuild/freebsd-arm64": {},
    "node_modules/@esbuild/freebsd-x64": {},
    "node_modules/@esbuild/linux-arm": {},
    "node_modules/@esbuild/linux-arm64": {},
    "node_modules/@esbuild/linux-ia32": {},
    "node_modules/@esbuild/linux-loong64": {},
    "node_modules/@esbuild/linux-mips64el": {},
    "node_modules/@esbuild/linux-ppc64": {},
    "node_modules/@esbuild/linux-riscv64": {},
    "node_modules/@esbuild/linux-s390x": {},
    "node_modules/@esbuild/linux-x64": {},
    "node_modules/@esbuild/netbsd-arm64": {},
    "node_modules/@esbuild/netbsd-x64": {},
    "node_modules/@esbuild/openbsd-arm64": {},
    "node_modules/@esbuild/openbsd-x64": {},
    "node_modules/@esbuild/sunos-x64": {},
    "node_modules/@esbuild/win32-arm64": {},
    "node_modules/@esbuild/win32-ia32": {}
  }
}
